
Microsoft Visual Studio Solution File, Format Version 12.00
# Visual Studio Version 17
VisualStudioVersion = 17.5.33516.290
MinimumVisualStudioVersion = 10.0.40219.1
Project("{FAE04EC0-301F-11D3-BF4B-00C04F79EFBC}") = "Tasaryeri.DAL", "Tasaryeri.DAL\Tasaryeri.DAL.csproj", "{A4CF53BA-8AD3-4913-B87E-005D89F89A25}"
EndProject
Project("{FAE04EC0-301F-11D3-BF4B-00C04F79EFBC}") = "Tasaryeri.BL", "Tasaryeri.BL\Tasaryeri.BL.csproj", "{BA9AF31A-429E-4E15-ACE5-BB3163AE8277}"
EndProject
Project("{FAE04EC0-301F-11D3-BF4B-00C04F79EFBC}") = "Tasaryeri.WebUI", "Tasaryeri.WebUI\Tasaryeri.WebUI.csproj", "{F3AEF567-47AB-40E2-B964-89AA772E7217}"
EndProject
Project("{FAE04EC0-301F-11D3-BF4B-00C04F79EFBC}") = "Tasaryeri.WebAPI", "Tasaryeri.WebAPI\Tasaryeri.WebAPI.csproj", "{383EC068-5E15-4F8C-B6F8-5597240E6999}"
EndProject
Project("{FAE04EC0-301F-11D3-BF4B-00C04F79EFBC}") = "Tasaryeri.Core", "Tasaryeri.Core\Tasaryeri.Core.csproj", "{5B40C948-D293-4102-890D-34E017218BA0}"
EndProject
Global
	GlobalSection(SolutionConfigurationPlatforms) = preSolution
		Debug|Any CPU = Debug|Any CPU
		Release|Any CPU = Release|Any CPU
	EndGlobalSection
	GlobalSection(ProjectConfigurationPlatforms) = postSolution
		{A4CF53BA-8AD3-4913-B87E-005D89F89A25}.Debug|Any CPU.ActiveCfg = Debug|Any CPU
		{A4CF53BA-8AD3-4913-B87E-005D89F89A25}.Debug|Any CPU.Build.0 = Debug|Any CPU
		{A4CF53BA-8AD3-4913-B87E-005D89F89A25}.Release|Any CPU.ActiveCfg = Release|Any CPU
		{A4CF53BA-8AD3-4913-B87E-005D89F89A25}.Release|Any CPU.Build.0 = Release|Any CPU
		{BA9AF31A-429E-4E15-ACE5-BB3163AE8277}.Debug|Any CPU.ActiveCfg = Debug|Any CPU
		{BA9AF31A-429E-4E15-ACE5-BB3163AE8277}.Debug|Any CPU.Build.0 = Debug|Any CPU
		{BA9AF31A-429E-4E15-ACE5-BB3163AE8277}.Release|Any CPU.ActiveCfg = Release|Any CPU
		{BA9AF31A-429E-4E15-ACE5-BB3163AE8277}.Release|Any CPU.Build.0 = Release|Any CPU
		{F3AEF567-47AB-40E2-B964-89AA772E7217}.Debug|Any CPU.ActiveCfg = Debug|Any CPU
		{F3AEF567-47AB-40E2-B964-89AA772E7217}.Debug|Any CPU.Build.0 = Debug|Any CPU
		{F3AEF567-47AB-40E2-B964-89AA772E7217}.Release|Any CPU.ActiveCfg = Release|Any CPU
		{F3AEF567-47AB-40E2-B964-89AA772E7217}.Release|Any CPU.Build.0 = Release|Any CPU
		{383EC068-5E15-4F8C-B6F8-5597240E6999}.Debug|Any CPU.ActiveCfg = Debug|Any CPU
		{383EC068-5E15-4F8C-B6F8-5597240E6999}.Debug|Any CPU.Build.0 = Debug|Any CPU
		{383EC068-5E15-4F8C-B6F8-5597240E6999}.Release|Any CPU.ActiveCfg = Release|Any CPU
		{383EC068-5E15-4F8C-B6F8-5597240E6999}.Release|Any CPU.Build.0 = Release|Any CPU
		{5B40C948-D293-4102-890D-34E017218BA0}.Debug|Any CPU.ActiveCfg = Debug|Any CPU
		{5B40C948-D293-4102-890D-34E017218BA0}.Debug|Any CPU.Build.0 = Debug|Any CPU
		{5B40C948-D293-4102-890D-34E017218BA0}.Release|Any CPU.ActiveCfg = Release|Any CPU
		{5B40C948-D293-4102-890D-34E017218BA0}.Release|Any CPU.Build.0 = Release|Any CPU
	EndGlobalSection
	GlobalSection(SolutionProperties) = preSolution
		HideSolutionNode = FALSE
	EndGlobalSection
	GlobalSection(ExtensibilityGlobals) = postSolution
		SolutionGuid = {D1863A9C-2E0E-4ED4-B860-2F0DB27F41E4}
	EndGlobalSection
EndGlobal
